<?xml version="1.0" encoding="utf-8"?>
<Project ToolsVersion="4.0" xmlns="http://schemas.microsoft.com/developer/msbuild/2003">
  <ItemGroup>
    <Filter Include="Source Files">
      <UniqueIdentifier>{4FC737F1-C7A5-4376-A066-2A32D752A2FF}</UniqueIdentifier>
      <Extensions>qml;cpp;c;cc;cxx;def;odl;idl;hpj;bat;asm;asmx</Extensions>
    </Filter>
    <Filter Include="Header Files">
      <UniqueIdentifier>{93995380-89BD-4b04-88EB-625FBE52EBFB}</UniqueIdentifier>
      <Extensions>h;hh;hpp;hxx;hm;inl;inc;xsd</Extensions>
    </Filter>
    <Filter Include="Resource Files">
      <UniqueIdentifier>{67DA6AB6-F800-4c08-8B7A-83BB121AAD01}</UniqueIdentifier>
      <Extensions>qrc;rc;ico;cur;bmp;dlg;rc2;rct;bin;rgs;gif;jpg;jpeg;jpe;resx;tiff;tif;png;wav;mfcribbon-ms</Extensions>
    </Filter>
    <Filter Include="Form Files">
      <UniqueIdentifier>{99349809-55BA-4b9d-BF79-8FDBB0286EB3}</UniqueIdentifier>
      <Extensions>ui</Extensions>
    </Filter>
    <Filter Include="Translation Files">
      <UniqueIdentifier>{639EADAA-A684-42e4-A9AD-28FC9BCB8F7C}</UniqueIdentifier>
      <Extensions>ts</Extensions>
    </Filter>
  </ItemGroup>
  <ItemGroup>
    <QtRcc Include="CCMainWindow.qrc">
      <Filter>Resource Files</Filter>
    </QtRcc>
    <QtUic Include="CCMainWindow.ui">
      <Filter>Form Files</Filter>
    </QtUic>
    <QtMoc Include="CCMainWindow.h">
      <Filter>Header Files</Filter>
    </QtMoc>
    <ClCompile Include="CCMainWindow.cpp">
      <Filter>Source Files</Filter>
    </ClCompile>
  </ItemGroup>
  <ItemGroup>
    <ClCompile Include="main.cpp">
      <Filter>Source Files</Filter>
    </ClCompile>
    <ClCompile Include="titlebar.cpp">
      <Filter>Source Files</Filter>
    </ClCompile>
    <ClCompile Include="basicwindow.cpp">
      <Filter>Source Files</Filter>
    </ClCompile>
    <ClCompile Include="notifymanager.cpp">
      <Filter>Source Files</Filter>
    </ClCompile>
    <ClCompile Include="commonUtils.cpp">
      <Filter>Source Files</Filter>
    </ClCompile>
    <ClCompile Include="userlogin.cpp">
      <Filter>Source Files</Filter>
    </ClCompile>
    <ClCompile Include="skinwindow.cpp">
      <Filter>Source Files</Filter>
    </ClCompile>
    <ClCompile Include="qclicklabel.cpp">
      <Filter>Source Files</Filter>
    </ClCompile>
    <ClCompile Include="systray.cpp">
      <Filter>Source Files</Filter>
    </ClCompile>
    <ClCompile Include="custommenu.cpp">
      <Filter>Source Files</Filter>
    </ClCompile>
    <ClCompile Include="rootcontactitem.cpp">
      <Filter>Source Files</Filter>
    </ClCompile>
    <ClCompile Include="contactitem.cpp">
      <Filter>Source Files</Filter>
    </ClCompile>
    <ClCompile Include="talkwindowshell.cpp">
      <Filter>Source Files</Filter>
    </ClCompile>
    <ClCompile Include="emotionwindow.cpp">
      <Filter>Source Files</Filter>
    </ClCompile>
    <ClCompile Include="emotionlabelitem.cpp">
      <Filter>Source Files</Filter>
    </ClCompile>
    <ClCompile Include="talkwindowitem.cpp">
      <Filter>Source Files</Filter>
    </ClCompile>
    <ClCompile Include="talkwindow.cpp">
      <Filter>Source Files</Filter>
    </ClCompile>
    <ClCompile Include="windowmanager.cpp">
      <Filter>Source Files</Filter>
    </ClCompile>
    <ClCompile Include="qmsgtextedit.cpp">
      <Filter>Source Files</Filter>
    </ClCompile>
    <ClCompile Include="msgwebview.cpp">
      <Filter>Source Files</Filter>
    </ClCompile>
    <ClCompile Include="databaseconnect.cpp">
      <Filter>Source Files</Filter>
    </ClCompile>
    <ClCompile Include="sendfile.cpp">
      <Filter>Source Files</Filter>
    </ClCompile>
  </ItemGroup>
  <ItemGroup>
    <QtMoc Include="titlebar.h">
      <Filter>Header Files</Filter>
    </QtMoc>
    <QtMoc Include="basicwindow.h">
      <Filter>Header Files</Filter>
    </QtMoc>
    <QtMoc Include="notifymanager.h">
      <Filter>Header Files</Filter>
    </QtMoc>
    <QtMoc Include="userlogin.h">
      <Filter>Header Files</Filter>
    </QtMoc>
    <QtMoc Include="skinwindow.h">
      <Filter>Header Files</Filter>
    </QtMoc>
    <QtMoc Include="qclicklabel.h">
      <Filter>Header Files</Filter>
    </QtMoc>
    <QtMoc Include="systray.h">
      <Filter>Header Files</Filter>
    </QtMoc>
    <QtMoc Include="custommenu.h">
      <Filter>Header Files</Filter>
    </QtMoc>
    <QtMoc Include="rootcontactitem.h">
      <Filter>Header Files</Filter>
    </QtMoc>
    <QtMoc Include="contactitem.h">
      <Filter>Header Files</Filter>
    </QtMoc>
    <QtMoc Include="talkwindowshell.h">
      <Filter>Header Files</Filter>
    </QtMoc>
    <QtMoc Include="emotionwindow.h">
      <Filter>Header Files</Filter>
    </QtMoc>
    <QtMoc Include="emotionlabelitem.h">
      <Filter>Header Files</Filter>
    </QtMoc>
    <QtMoc Include="talkwindowitem.h">
      <Filter>Header Files</Filter>
    </QtMoc>
    <QtMoc Include="talkwindow.h">
      <Filter>Header Files</Filter>
    </QtMoc>
    <QtMoc Include="windowmanager.h">
      <Filter>Header Files</Filter>
    </QtMoc>
    <QtMoc Include="qmsgtextedit.h">
      <Filter>Header Files</Filter>
    </QtMoc>
    <QtMoc Include="msgwebview.h">
      <Filter>Header Files</Filter>
    </QtMoc>
    <QtMoc Include="sendfile.h">
      <Filter>Header Files</Filter>
    </QtMoc>
  </ItemGroup>
  <ItemGroup>
    <ClInclude Include="commonUtils.h">
      <Filter>Header Files</Filter>
    </ClInclude>
    <ClInclude Include="databaseconnect.h">
      <Filter>Header Files</Filter>
    </ClInclude>
  </ItemGroup>
  <ItemGroup>
    <QtUic Include="userlogin.ui">
      <Filter>Form Files</Filter>
    </QtUic>
    <QtUic Include="skinwindow.ui">
      <Filter>Form Files</Filter>
    </QtUic>
    <QtUic Include="contactitem.ui">
      <Filter>Form Files</Filter>
    </QtUic>
    <QtUic Include="talkwindowshell.ui">
      <Filter>Form Files</Filter>
    </QtUic>
    <QtUic Include="emotionwindow.ui">
      <Filter>Form Files</Filter>
    </QtUic>
    <QtUic Include="talkwindowitem.ui">
      <Filter>Form Files</Filter>
    </QtUic>
    <QtUic Include="talkwindow.ui">
      <Filter>Form Files</Filter>
    </QtUic>
    <QtUic Include="sendfile.ui">
      <Filter>Form Files</Filter>
    </QtUic>
  </ItemGroup>
</Project>